{
  "name": "bootstrap_postcss_test",
  "requires": true,
  "lockfileVersion": 1,
  "dependencies": {
    "@babel/runtime": {
      "version": "7.23.5",
      "resolved": "https://registry.npmjs.org/@babel/runtime/-/runtime-7.23.5.tgz",
      "integrity": "sha512-NdUTHcPe4C99WxPub+K9l9tK5/lV4UXIoaHSYgzco9BCyjKAAwzdBI+wWtYqHt7LJdbo74ZjRPJgzVweq1sz0w==",
      "requires": {
        "regenerator-runtime": "^0.14.0"
      }
    },
    "@popperjs/core": {
      "version": "2.11.8",
      "resolved": "https://registry.npmjs.org/@popperjs/core/-/core-2.11.8.tgz",
      "integrity": "sha512-P1st0aksCrn9sGZhp8GMYwBnQsbvAWsZAX44oXNNvLHGqAOcoVxmjZiohstwQ7SqKnbR47akdNi+uleWD8+g6A=="
    },
    "ansi-regex": {
      "version": "2.1.1",
      "resolved": "https://registry.npmjs.org/ansi-regex/-/ansi-regex-2.1.1.tgz",
      "integrity": "sha512-TIGnTpdo+E3+pCyAluZvtED5p5wCqLdezCyhPZzKPcxvFplEt4i+W7OONCKgeZFT3+y5NZZfOOS/Bdcanm1MYA==",
      "dev": true
    },
    "ansi-styles": {
      "version": "2.2.1",
      "resolved": "https://registry.npmjs.org/ansi-styles/-/ansi-styles-2.2.1.tgz",
      "integrity": "sha512-kmCevFghRiWM7HB5zTPULl4r9bVFSWjz62MhqizDGUrq2NWuNMQyuv4tHHoKJHs69M/MF64lEcHdYIocrdWQYA==",
      "dev": true
    },
    "array-union": {
      "version": "1.0.2",
      "resolved": "https://registry.npmjs.org/array-union/-/array-union-1.0.2.tgz",
      "integrity": "sha512-Dxr6QJj/RdU/hCaBjOfxW+q6lyuVE6JFWIrAUpuOOhoJJoQ99cUn3igRaHVB5P9WrgFVN0FfArM3x0cueOU8ng==",
      "dev": true,
      "requires": {
        "array-uniq": "^1.0.1"
      }
    },
    "array-uniq": {
      "version": "1.0.3",
      "resolved": "https://registry.npmjs.org/array-uniq/-/array-uniq-1.0.3.tgz",
      "integrity": "sha512-MNha4BWQ6JbwhFhj03YK552f7cb3AzoE8SzeljgChvL1dl3IcvggXVz1DilzySZkCja+CXuZbdW7yATchWn8/Q==",
      "dev": true
    },
    "autoprefixer": {
      "version": "10.4.16",
      "resolved": "https://registry.npmjs.org/autoprefixer/-/autoprefixer-10.4.16.tgz",
      "integrity": "sha512-7vd3UC6xKp0HLfua5IjZlcXvGAGy7cBAXTg2lyQ/8WpNhd6SiZ8Be+xm3FyBSYJx5GKcpRCzBh7RH4/0dnY+uQ==",
      "dev": true,
      "requires": {
        "browserslist": "^4.21.10",
        "caniuse-lite": "^1.0.30001538",
        "fraction.js": "^4.3.6",
        "normalize-range": "^0.1.2",
        "picocolors": "^1.0.0",
        "postcss-value-parser": "^4.2.0"
      }
    },
    "balanced-match": {
      "version": "1.0.2",
      "resolved": "https://registry.npmjs.org/balanced-match/-/balanced-match-1.0.2.tgz",
      "integrity": "sha512-3oSeUO0TMV67hN1AmbXsK4yaqU7tjiHlbxRDZOpH0KW9+CeX4bRAaX0Anxt0tx2MrpRpWwQaPwIlISEJhYU5Pw==",
      "dev": true
    },
    "bootstrap": {
      "version": "5.3.2",
      "resolved": "https://registry.npmjs.org/bootstrap/-/bootstrap-5.3.2.tgz",
      "integrity": "sha512-D32nmNWiQHo94BKHLmOrdjlL05q1c8oxbtBphQFb9Z5to6eGRDCm0QgeaZ4zFBHzfg2++rqa2JkqCcxDy0sH0g=="
    },
    "brace-expansion": {
      "version": "1.1.11",
      "resolved": "https://registry.npmjs.org/brace-expansion/-/brace-expansion-1.1.11.tgz",
      "integrity": "sha512-iCuPHDFgrHX7H2vEI/5xpz07zSHB00TpugqhmYtVmMO6518mCuRMoOYFldEBl0g187ufozdaHgWKcYFb61qGiA==",
      "dev": true,
      "requires": {
        "balanced-match": "^1.0.0",
        "concat-map": "0.0.1"
      }
    },
    "browserslist": {
      "version": "4.22.1",
      "resolved": "https://registry.npmjs.org/browserslist/-/browserslist-4.22.1.tgz",
      "integrity": "sha512-FEVc202+2iuClEhZhrWy6ZiAcRLvNMyYcxZ8raemul1DYVOVdFsbqckWLdsixQZCpJlwe77Z3UTalE7jsjnKfQ==",
      "dev": true,
      "requires": {
        "caniuse-lite": "^1.0.30001541",
        "electron-to-chromium": "^1.4.535",
        "node-releases": "^2.0.13",
        "update-browserslist-db": "^1.0.13"
      }
    },
    "caniuse-lite": {
      "version": "1.0.30001565",
      "resolved": "https://registry.npmjs.org/caniuse-lite/-/caniuse-lite-1.0.30001565.tgz",
      "integrity": "sha512-xrE//a3O7TP0vaJ8ikzkD2c2NgcVUvsEe2IvFTntV4Yd1Z9FVzh+gW+enX96L0psrbaFMcVcH2l90xNuGDWc8w==",
      "dev": true
    },
    "chalk": {
      "version": "1.1.3",
      "resolved": "https://registry.npmjs.org/chalk/-/chalk-1.1.3.tgz",
      "integrity": "sha512-U3lRVLMSlsCfjqYPbLyVv11M9CPW4I728d6TCKMAOJueEeB9/8o+eSsMnxPJD+Q+K909sdESg7C+tIkoH6on1A==",
      "dev": true,
      "requires": {
        "ansi-styles": "^2.2.1",
        "escape-string-regexp": "^1.0.2",
        "has-ansi": "^2.0.0",
        "strip-ansi": "^3.0.0",
        "supports-color": "^2.0.0"
      },
      "dependencies": {
        "supports-color": {
          "version": "2.0.0",
          "resolved": "https://registry.npmjs.org/supports-color/-/supports-color-2.0.0.tgz",
          "integrity": "sha512-KKNVtd6pCYgPIKU4cp2733HWYCpplQhddZLBUryaAHou723x+FRzQ5Df824Fj+IyyuiQTRoub4SnIFfIcrp70g==",
          "dev": true
        }
      }
    },
    "concat-map": {
      "version": "0.0.1",
      "resolved": "https://registry.npmjs.org/concat-map/-/concat-map-0.0.1.tgz",
      "integrity": "sha512-/Srv4dswyQNBfohGpz9o6Yb3Gz3SrUDqBH5rTuhGR7ahtlbYKnVxw2bCFMRljaA7EXHaXZ8wsHdodFvbkhKmqg==",
      "dev": true
    },
    "cssesc": {
      "version": "3.0.0",
      "resolved": "https://registry.npmjs.org/cssesc/-/cssesc-3.0.0.tgz",
      "integrity": "sha512-/Tb/JcjK111nNScGob5MNtsntNM1aCNUDipB/TkwZFhyDrrE47SOx/18wF2bbjgc3ZzCSKW1T5nt5EbFoAz/Vg==",
      "dev": true
    },
    "electron-to-chromium": {
      "version": "1.4.601",
      "resolved": "https://registry.npmjs.org/electron-to-chromium/-/electron-to-chromium-1.4.601.tgz",
      "integrity": "sha512-SpwUMDWe9tQu8JX5QCO1+p/hChAi9AE9UpoC3rcHVc+gdCGlbT3SGb5I1klgb952HRIyvt9wZhSz9bNBYz9swA==",
      "dev": true
    },
    "escalade": {
      "version": "3.1.1",
      "resolved": "https://registry.npmjs.org/escalade/-/escalade-3.1.1.tgz",
      "integrity": "sha512-k0er2gUkLf8O0zKJiAhmkTnJlTvINGv7ygDNPbeIsX/TJjGJZHuh9B2UxbsaEkmlEo9MfhrSzmhIlhRlI2GXnw==",
      "dev": true
    },
    "escape-string-regexp": {
      "version": "1.0.5",
      "resolved": "https://registry.npmjs.org/escape-string-regexp/-/escape-string-regexp-1.0.5.tgz",
      "integrity": "sha512-vbRorB5FUQWvla16U8R/qgaFIya2qGzwDrNmCZuYKrbdSUMG6I1ZCGQRefkRVhuOkIGVne7BQ35DSfo1qvJqFg==",
      "dev": true
    },
    "fraction.js": {
      "version": "4.3.7",
      "resolved": "https://registry.npmjs.org/fraction.js/-/fraction.js-4.3.7.tgz",
      "integrity": "sha512-ZsDfxO51wGAXREY55a7la9LScWpwv9RxIrYABrlvOFBlH/ShPnrtsXeuUIfXKKOVicNxQ+o8JTbJvjS4M89yew==",
      "dev": true
    },
    "fs.realpath": {
      "version": "1.0.0",
      "resolved": "https://registry.npmjs.org/fs.realpath/-/fs.realpath-1.0.0.tgz",
      "integrity": "sha512-OO0pH2lK6a0hZnAdau5ItzHPI6pUlvI7jMVnxUQRtw4owF2wk8lOSabtGDCTP4Ggrg2MbGnWO9X8K1t4+fGMDw==",
      "dev": true
    },
    "function-bind": {
      "version": "1.1.2",
      "resolved": "https://registry.npmjs.org/function-bind/-/function-bind-1.1.2.tgz",
      "integrity": "sha512-7XHNxH7qX9xG5mIwxkhumTox/MIRNcOgDrxWsMt2pAr23WHp6MrRlN7FBSFpCpr+oVO0F744iUgR82nJMfG2SA==",
      "dev": true
    },
    "glob": {
      "version": "7.2.3",
      "resolved": "https://registry.npmjs.org/glob/-/glob-7.2.3.tgz",
      "integrity": "sha512-nFR0zLpU2YCaRxwoCJvL6UvCH2JFyFVIvwTLsIf21AuHlMskA1hhTdk+LlYJtOlYt9v6dvszD2BGRqBL+iQK9Q==",
      "dev": true,
      "requires": {
        "fs.realpath": "^1.0.0",
        "inflight": "^1.0.4",
        "inherits": "2",
        "minimatch": "^3.1.1",
        "once": "^1.3.0",
        "path-is-absolute": "^1.0.0"
      }
    },
    "globby": {
      "version": "6.1.0",
      "resolved": "https://registry.npmjs.org/globby/-/globby-6.1.0.tgz",
      "integrity": "sha512-KVbFv2TQtbzCoxAnfD6JcHZTYCzyliEaaeM/gH8qQdkKr5s0OP9scEgvdcngyk7AVdY6YVW/TJHd+lQ/Df3Daw==",
      "dev": true,
      "requires": {
        "array-union": "^1.0.1",
        "glob": "^7.0.3",
        "object-assign": "^4.0.1",
        "pify": "^2.0.0",
        "pinkie-promise": "^2.0.0"
      },
      "dependencies": {
        "pify": {
          "version": "2.3.0",
          "resolved": "https://registry.npmjs.org/pify/-/pify-2.3.0.tgz",
          "integrity": "sha512-udgsAY+fTnvv7kI7aaxbqwWNb0AHiB0qBO89PZKPkoTmGOgdbrHDKD+0B2X4uTfJ/FT1R09r9gTsjUjNJotuog==",
          "dev": true
        }
      }
    },
    "has-ansi": {
      "version": "2.0.0",
      "resolved": "https://registry.npmjs.org/has-ansi/-/has-ansi-2.0.0.tgz",
      "integrity": "sha512-C8vBJ8DwUCx19vhm7urhTuUsr4/IyP6l4VzNQDv+ryHQObW3TTTp9yB68WpYgRe2bbaGuZ/se74IqFeVnMnLZg==",
      "dev": true,
      "requires": {
        "ansi-regex": "^2.0.0"
      }
    },
    "has-flag": {
      "version": "1.0.0",
      "resolved": "https://registry.npmjs.org/has-flag/-/has-flag-1.0.0.tgz",
      "integrity": "sha512-DyYHfIYwAJmjAjSSPKANxI8bFY9YtFrgkAfinBojQ8YJTOuOuav64tMUJv584SES4xl74PmuaevIyaLESHdTAA==",
      "dev": true
    },
    "hasown": {
      "version": "2.0.0",
      "resolved": "https://registry.npmjs.org/hasown/-/hasown-2.0.0.tgz",
      "integrity": "sha512-vUptKVTpIJhcczKBbgnS+RtcuYMB8+oNzPK2/Hp3hanz8JmpATdmmgLgSaadVREkDm+e2giHwY3ZRkyjSIDDFA==",
      "dev": true,
      "requires": {
        "function-bind": "^1.1.2"
      }
    },
    "inflight": {
      "version": "1.0.6",
      "resolved": "https://registry.npmjs.org/inflight/-/inflight-1.0.6.tgz",
      "integrity": "sha512-k92I/b08q4wvFscXCLvqfsHCrjrF7yiXsQuIVvVE7N82W3+aqpzuUdBbfhWcy/FZR3/4IgflMgKLOsvPDrGCJA==",
      "dev": true,
      "requires": {
        "once": "^1.3.0",
        "wrappy": "1"
      }
    },
    "inherits": {
      "version": "2.0.4",
      "resolved": "https://registry.npmjs.org/inherits/-/inherits-2.0.4.tgz",
      "integrity": "sha512-k/vGaX4/Yla3WzyMCvTQOXYeIHvqOKtnqBduzTHpzpQZzAskKMhZ2K+EnBiSM9zGSoIFeMpXKxa4dYeZIQqewQ==",
      "dev": true
    },
    "is-core-module": {
      "version": "2.13.1",
      "resolved": "https://registry.npmjs.org/is-core-module/-/is-core-module-2.13.1.tgz",
      "integrity": "sha512-hHrIjvZsftOsvKSn2TRYl63zvxsgE0K+0mYMoH6gD4omR5IWB2KynivBQczo3+wF1cCkjzvptnI9Q0sPU66ilw==",
      "dev": true,
      "requires": {
        "hasown": "^2.0.0"
      }
    },
    "is-extglob": {
      "version": "2.1.1",
      "resolved": "https://registry.npmjs.org/is-extglob/-/is-extglob-2.1.1.tgz",
      "integrity": "sha512-SbKbANkN603Vi4jEZv49LeVJMn4yGwsbzZworEoyEiutsN3nJYdbO36zfhGJ6QEDpOZIFkDtnq5JRxmvl3jsoQ==",
      "dev": true
    },
    "is-glob": {
      "version": "4.0.3",
      "resolved": "https://registry.npmjs.org/is-glob/-/is-glob-4.0.3.tgz",
      "integrity": "sha512-xelSayHH36ZgE7ZWhli7pW34hNbNl8Ojv5KVmkJD4hBdD3th8Tfk9vYasLM+mXWOZhFkgZfxhLSnrwRr4elSSg==",
      "dev": true,
      "requires": {
        "is-extglob": "^2.1.1"
      }
    },
    "jquery": {
      "version": "3.7.1",
      "resolved": "https://registry.npmjs.org/jquery/-/jquery-3.7.1.tgz",
      "integrity": "sha512-m4avr8yL8kmFN8psrbFFFmB/If14iN5o9nw/NgnnM+kybDJpRsAynV2BsfpTYrTRysYUdADVD7CkUUizgkpLfg=="
    },
    "js-base64": {
      "version": "2.6.4",
      "resolved": "https://registry.npmjs.org/js-base64/-/js-base64-2.6.4.tgz",
      "integrity": "sha512-pZe//GGmwJndub7ZghVHz7vjb2LgC1m8B07Au3eYqeqv9emhESByMXxaEgkUkEqJe87oBbSniGYoQNIBklc7IQ==",
      "dev": true
    },
    "lilconfig": {
      "version": "3.0.0",
      "resolved": "https://registry.npmjs.org/lilconfig/-/lilconfig-3.0.0.tgz",
      "integrity": "sha512-K2U4W2Ff5ibV7j7ydLr+zLAkIg5JJ4lPn1Ltsdt+Tz/IjQ8buJ55pZAxoP34lqIiwtF9iAvtLv3JGv7CAyAg+g==",
      "dev": true
    },
    "lodash": {
      "version": "4.17.21",
      "resolved": "https://registry.npmjs.org/lodash/-/lodash-4.17.21.tgz",
      "integrity": "sha512-v2kDEe57lecTulaDIuNTPy3Ry4gLGJ6Z1O3vE1krgXZNrsQ+LFTGHVxVjcXPs17LhbZVGedAJv8XZ1tvj5FvSg==",
      "dev": true
    },
    "meteor-node-stubs": {
      "version": "1.2.7",
      "resolved": "https://registry.npmjs.org/meteor-node-stubs/-/meteor-node-stubs-1.2.7.tgz",
      "integrity": "sha512-20bAFUhEIOD/Cos2nmvhqf2NOKpTf63WVQ+nwuaX2OFj31sU6GL4KkNylkWum8McwsH0LsMr/F+UHhduTX7KRg==",
      "requires": {
        "assert": "^2.0.0",
        "browserify-zlib": "^0.2.0",
        "buffer": "^5.7.1",
        "console-browserify": "^1.2.0",
        "constants-browserify": "^1.0.0",
        "crypto-browserify": "^3.12.0",
        "domain-browser": "^4.22.0",
        "elliptic": "^6.5.4",
        "events": "^3.3.0",
        "https-browserify": "^1.0.0",
        "os-browserify": "^0.3.0",
        "path-browserify": "^1.0.0",
        "process": "^0.11.10",
        "punycode": "^1.4.1",
        "querystring-es3": "^0.2.1",
        "readable-stream": "^3.6.0",
        "stream-browserify": "^3.0.0",
        "stream-http": "^3.2.0",
        "string_decoder": "^1.3.0",
        "timers-browserify": "^2.0.12",
        "tty-browserify": "0.0.1",
        "url": "^0.11.0",
        "util": "^0.12.4",
        "vm-browserify": "^1.1.2"
      },
      "dependencies": {
        "asn1.js": {
          "version": "5.4.1",
          "bundled": true,
          "requires": {
            "bn.js": "^4.0.0",
            "inherits": "^2.0.1",
            "minimalistic-assert": "^1.0.0",
            "safer-buffer": "^2.1.0"
          },
          "dependencies": {
            "bn.js": {
              "version": "4.12.0",
              "bundled": true
            }
          }
        },
        "assert": {
          "version": "2.0.0",
          "bundled": true,
          "requires": {
            "es6-object-assign": "^1.1.0",
            "is-nan": "^1.2.1",
            "object-is": "^1.0.1",
            "util": "^0.12.0"
          }
        },
        "available-typed-arrays": {
          "version": "1.0.4",
          "bundled": true
        },
        "base64-js": {
          "version": "1.5.1",
          "bundled": true
        },
        "bn.js": {
          "version": "5.2.0",
          "bundled": true
        },
        "brorand": {
          "version": "1.1.0",
          "bundled": true
        },
        "browserify-aes": {
          "version": "1.2.0",
          "bundled": true,
          "requires": {
            "buffer-xor": "^1.0.3",
            "cipher-base": "^1.0.0",
            "create-hash": "^1.1.0",
            "evp_bytestokey": "^1.0.3",
            "inherits": "^2.0.1",
            "safe-buffer": "^5.0.1"
          }
        },
        "browserify-cipher": {
          "version": "1.0.1",
          "bundled": true,
          "requires": {
            "browserify-aes": "^1.0.4",
            "browserify-des": "^1.0.0",
            "evp_bytestokey": "^1.0.0"
          }
        },
        "browserify-des": {
          "version": "1.0.2",
          "bundled": true,
          "requires": {
            "cipher-base": "^1.0.1",
            "des.js": "^1.0.0",
            "inherits": "^2.0.1",
            "safe-buffer": "^5.1.2"
          }
        },
        "browserify-rsa": {
          "version": "4.1.0",
          "bundled": true,
          "requires": {
            "bn.js": "^5.0.0",
            "randombytes": "^2.0.1"
          }
        },
        "browserify-sign": {
          "version": "4.2.1",
          "bundled": true,
          "requires": {
            "bn.js": "^5.1.1",
            "browserify-rsa": "^4.0.1",
            "create-hash": "^1.2.0",
            "create-hmac": "^1.1.7",
            "elliptic": "^6.5.3",
            "inherits": "^2.0.4",
            "parse-asn1": "^5.1.5",
            "readable-stream": "^3.6.0",
            "safe-buffer": "^5.2.0"
          }
        },
        "browserify-zlib": {
          "version": "0.2.0",
          "bundled": true,
          "requires": {
            "pako": "~1.0.5"
          }
        },
        "buffer": {
          "version": "5.7.1",
          "bundled": true,
          "requires": {
            "base64-js": "^1.3.1",
            "ieee754": "^1.1.13"
          }
        },
        "buffer-xor": {
          "version": "1.0.3",
          "bundled": true
        },
        "builtin-status-codes": {
          "version": "3.0.0",
          "bundled": true
        },
        "call-bind": {
          "version": "1.0.2",
          "bundled": true,
          "requires": {
            "function-bind": "^1.1.1",
            "get-intrinsic": "^1.0.2"
          }
        },
        "cipher-base": {
          "version": "1.0.4",
          "bundled": true,
          "requires": {
            "inherits": "^2.0.1",
            "safe-buffer": "^5.0.1"
          }
        },
        "console-browserify": {
          "version": "1.2.0",
          "bundled": true
        },
        "constants-browserify": {
          "version": "1.0.0",
          "bundled": true
        },
        "create-ecdh": {
          "version": "4.0.4",
          "bundled": true,
          "requires": {
            "bn.js": "^4.1.0",
            "elliptic": "^6.5.3"
          },
          "dependencies": {
            "bn.js": {
              "version": "4.12.0",
              "bundled": true
            }
          }
        },
        "create-hash": {
          "version": "1.2.0",
          "bundled": true,
          "requires": {
            "cipher-base": "^1.0.1",
            "inherits": "^2.0.1",
            "md5.js": "^1.3.4",
            "ripemd160": "^2.0.1",
            "sha.js": "^2.4.0"
          }
        },
        "create-hmac": {
          "version": "1.1.7",
          "bundled": true,
          "requires": {
            "cipher-base": "^1.0.3",
            "create-hash": "^1.1.0",
            "inherits": "^2.0.1",
            "ripemd160": "^2.0.0",
            "safe-buffer": "^5.0.1",
            "sha.js": "^2.4.8"
          }
        },
        "crypto-browserify": {
          "version": "3.12.0",
          "bundled": true,
          "requires": {
            "browserify-cipher": "^1.0.0",
            "browserify-sign": "^4.0.0",
            "create-ecdh": "^4.0.0",
            "create-hash": "^1.1.0",
            "create-hmac": "^1.1.0",
            "diffie-hellman": "^5.0.0",
            "inherits": "^2.0.1",
            "pbkdf2": "^3.0.3",
            "public-encrypt": "^4.0.0",
            "randombytes": "^2.0.0",
            "randomfill": "^1.0.3"
          }
        },
        "define-properties": {
          "version": "1.1.3",
          "bundled": true,
          "requires": {
            "object-keys": "^1.0.12"
          }
        },
        "des.js": {
          "version": "1.0.1",
          "bundled": true,
          "requires": {
            "inherits": "^2.0.1",
            "minimalistic-assert": "^1.0.0"
          }
        },
        "diffie-hellman": {
          "version": "5.0.3",
          "bundled": true,
          "requires": {
            "bn.js": "^4.1.0",
            "miller-rabin": "^4.0.0",
            "randombytes": "^2.0.0"
          },
          "dependencies": {
            "bn.js": {
              "version": "4.12.0",
              "bundled": true
            }
          }
        },
        "domain-browser": {
          "version": "4.22.0",
          "bundled": true
        },
        "elliptic": {
          "version": "6.5.4",
          "bundled": true,
          "requires": {
            "bn.js": "^4.11.9",
            "brorand": "^1.1.0",
            "hash.js": "^1.0.0",
            "hmac-drbg": "^1.0.1",
            "inherits": "^2.0.4",
            "minimalistic-assert": "^1.0.1",
            "minimalistic-crypto-utils": "^1.0.1"
          },
          "dependencies": {
            "bn.js": {
              "version": "4.12.0",
              "bundled": true
            }
          }
        },
        "es-abstract": {
          "version": "1.18.3",
          "bundled": true,
          "requires": {
            "call-bind": "^1.0.2",
            "es-to-primitive": "^1.2.1",
            "function-bind": "^1.1.1",
            "get-intrinsic": "^1.1.1",
            "has": "^1.0.3",
            "has-symbols": "^1.0.2",
            "is-callable": "^1.2.3",
            "is-negative-zero": "^2.0.1",
            "is-regex": "^1.1.3",
            "is-string": "^1.0.6",
            "object-inspect": "^1.10.3",
            "object-keys": "^1.1.1",
            "object.assign": "^4.1.2",
            "string.prototype.trimend": "^1.0.4",
            "string.prototype.trimstart": "^1.0.4",
            "unbox-primitive": "^1.0.1"
          }
        },
        "es-to-primitive": {
          "version": "1.2.1",
          "bundled": true,
          "requires": {
            "is-callable": "^1.1.4",
            "is-date-object": "^1.0.1",
            "is-symbol": "^1.0.2"
          }
        },
        "es6-object-assign": {
          "version": "1.1.0",
          "bundled": true
        },
        "events": {
          "version": "3.3.0",
          "bundled": true
        },
        "evp_bytestokey": {
          "version": "1.0.3",
          "bundled": true,
          "requires": {
            "md5.js": "^1.3.4",
            "safe-buffer": "^5.1.1"
          }
        },
        "foreach": {
          "version": "2.0.5",
          "bundled": true
        },
        "function-bind": {
          "version": "1.1.1",
          "bundled": true
        },
        "get-intrinsic": {
          "version": "1.1.1",
          "bundled": true,
          "requires": {
            "function-bind": "^1.1.1",
            "has": "^1.0.3",
            "has-symbols": "^1.0.1"
          }
        },
        "has": {
          "version": "1.0.3",
          "bundled": true,
          "requires": {
            "function-bind": "^1.1.1"
          }
        },
        "has-bigints": {
          "version": "1.0.1",
          "bundled": true
        },
        "has-symbols": {
          "version": "1.0.2",
          "bundled": true
        },
        "hash-base": {
          "version": "3.1.0",
          "bundled": true,
          "requires": {
            "inherits": "^2.0.4",
            "readable-stream": "^3.6.0",
            "safe-buffer": "^5.2.0"
          }
        },
        "hash.js": {
          "version": "1.1.7",
          "bundled": true,
          "requires": {
            "inherits": "^2.0.3",
            "minimalistic-assert": "^1.0.1"
          }
        },
        "hmac-drbg": {
          "version": "1.0.1",
          "bundled": true,
          "requires": {
            "hash.js": "^1.0.3",
            "minimalistic-assert": "^1.0.0",
            "minimalistic-crypto-utils": "^1.0.1"
          }
        },
        "https-browserify": {
          "version": "1.0.0",
          "bundled": true
        },
        "ieee754": {
          "version": "1.2.1",
          "bundled": true
        },
        "inherits": {
          "version": "2.0.4",
          "bundled": true
        },
        "is-arguments": {
          "version": "1.1.0",
          "bundled": true,
          "requires": {
            "call-bind": "^1.0.0"
          }
        },
        "is-bigint": {
          "version": "1.0.2",
          "bundled": true
        },
        "is-boolean-object": {
          "version": "1.1.1",
          "bundled": true,
          "requires": {
            "call-bind": "^1.0.2"
          }
        },
        "is-callable": {
          "version": "1.2.3",
          "bundled": true
        },
        "is-date-object": {
          "version": "1.0.4",
          "bundled": true
        },
        "is-generator-function": {
          "version": "1.0.9",
          "bundled": true
        },
        "is-nan": {
          "version": "1.3.2",
          "bundled": true,
          "requires": {
            "call-bind": "^1.0.0",
            "define-properties": "^1.1.3"
          }
        },
        "is-negative-zero": {
          "version": "2.0.1",
          "bundled": true
        },
        "is-number-object": {
          "version": "1.0.5",
          "bundled": true
        },
        "is-regex": {
          "version": "1.1.3",
          "bundled": true,
          "requires": {
            "call-bind": "^1.0.2",
            "has-symbols": "^1.0.2"
          }
        },
        "is-string": {
          "version": "1.0.6",
          "bundled": true
        },
        "is-symbol": {
          "version": "1.0.4",
          "bundled": true,
          "requires": {
            "has-symbols": "^1.0.2"
          }
        },
        "is-typed-array": {
          "version": "1.1.5",
          "bundled": true,
          "requires": {
            "available-typed-arrays": "^1.0.2",
            "call-bind": "^1.0.2",
            "es-abstract": "^1.18.0-next.2",
            "foreach": "^2.0.5",
            "has-symbols": "^1.0.1"
          }
        },
        "md5.js": {
          "version": "1.3.5",
          "bundled": true,
          "requires": {
            "hash-base": "^3.0.0",
            "inherits": "^2.0.1",
            "safe-buffer": "^5.1.2"
          }
        },
        "miller-rabin": {
          "version": "4.0.1",
          "bundled": true,
          "requires": {
            "bn.js": "^4.0.0",
            "brorand": "^1.0.1"
          },
          "dependencies": {
            "bn.js": {
              "version": "4.12.0",
              "bundled": true
            }
          }
        },
        "minimalistic-assert": {
          "version": "1.0.1",
          "bundled": true
        },
        "minimalistic-crypto-utils": {
          "version": "1.0.1",
          "bundled": true
        },
        "object-inspect": {
          "version": "1.10.3",
          "bundled": true
        },
        "object-is": {
          "version": "1.1.5",
          "bundled": true,
          "requires": {
            "call-bind": "^1.0.2",
            "define-properties": "^1.1.3"
          }
        },
        "object-keys": {
          "version": "1.1.1",
          "bundled": true
        },
        "object.assign": {
          "version": "4.1.2",
          "bundled": true,
          "requires": {
            "call-bind": "^1.0.0",
            "define-properties": "^1.1.3",
            "has-symbols": "^1.0.1",
            "object-keys": "^1.1.1"
          }
        },
        "os-browserify": {
          "version": "0.3.0",
          "bundled": true
        },
        "pako": {
          "version": "1.0.11",
          "bundled": true
        },
        "parse-asn1": {
          "version": "5.1.6",
          "bundled": true,
          "requires": {
            "asn1.js": "^5.2.0",
            "browserify-aes": "^1.0.0",
            "evp_bytestokey": "^1.0.0",
            "pbkdf2": "^3.0.3",
            "safe-buffer": "^5.1.1"
          }
        },
        "path-browserify": {
          "version": "1.0.1",
          "bundled": true
        },
        "pbkdf2": {
          "version": "3.1.2",
          "bundled": true,
          "requires": {
            "create-hash": "^1.1.2",
            "create-hmac": "^1.1.4",
            "ripemd160": "^2.0.1",
            "safe-buffer": "^5.0.1",
            "sha.js": "^2.4.8"
          }
        },
        "process": {
          "version": "0.11.10",
          "bundled": true
        },
        "public-encrypt": {
          "version": "4.0.3",
          "bundled": true,
          "requires": {
            "bn.js": "^4.1.0",
            "browserify-rsa": "^4.0.0",
            "create-hash": "^1.1.0",
            "parse-asn1": "^5.0.0",
            "randombytes": "^2.0.1",
            "safe-buffer": "^5.1.2"
          },
          "dependencies": {
            "bn.js": {
              "version": "4.12.0",
              "bundled": true
            }
          }
        },
        "punycode": {
          "version": "1.4.1",
          "bundled": true
        },
        "querystring": {
          "version": "0.2.0",
          "bundled": true
        },
        "querystring-es3": {
          "version": "0.2.1",
          "bundled": true
        },
        "randombytes": {
          "version": "2.1.0",
          "bundled": true,
          "requires": {
            "safe-buffer": "^5.1.0"
          }
        },
        "randomfill": {
          "version": "1.0.4",
          "bundled": true,
          "requires": {
            "randombytes": "^2.0.5",
            "safe-buffer": "^5.1.0"
          }
        },
        "readable-stream": {
          "version": "3.6.0",
          "bundled": true,
          "requires": {
            "inherits": "^2.0.3",
            "string_decoder": "^1.1.1",
            "util-deprecate": "^1.0.1"
          }
        },
        "ripemd160": {
          "version": "2.0.2",
          "bundled": true,
          "requires": {
            "hash-base": "^3.0.0",
            "inherits": "^2.0.1"
          }
        },
        "safe-buffer": {
          "version": "5.2.1",
          "bundled": true
        },
        "safer-buffer": {
          "version": "2.1.2",
          "bundled": true
        },
        "setimmediate": {
          "version": "1.0.5",
          "bundled": true
        },
        "sha.js": {
          "version": "2.4.11",
          "bundled": true,
          "requires": {
            "inherits": "^2.0.1",
            "safe-buffer": "^5.0.1"
          }
        },
        "stream-browserify": {
          "version": "3.0.0",
          "bundled": true,
          "requires": {
            "inherits": "~2.0.4",
            "readable-stream": "^3.5.0"
          }
        },
        "stream-http": {
          "version": "3.2.0",
          "bundled": true,
          "requires": {
            "builtin-status-codes": "^3.0.0",
            "inherits": "^2.0.4",
            "readable-stream": "^3.6.0",
            "xtend": "^4.0.2"
          }
        },
        "string.prototype.trimend": {
          "version": "1.0.4",
          "bundled": true,
          "requires": {
            "call-bind": "^1.0.2",
            "define-properties": "^1.1.3"
          }
        },
        "string.prototype.trimstart": {
          "version": "1.0.4",
          "bundled": true,
          "requires": {
            "call-bind": "^1.0.2",
            "define-properties": "^1.1.3"
          }
        },
        "string_decoder": {
          "version": "1.3.0",
          "bundled": true,
          "requires": {
            "safe-buffer": "~5.2.0"
          }
        },
        "timers-browserify": {
          "version": "2.0.12",
          "bundled": true,
          "requires": {
            "setimmediate": "^1.0.4"
          }
        },
        "tty-browserify": {
          "version": "0.0.1",
          "bundled": true
        },
        "unbox-primitive": {
          "version": "1.0.1",
          "bundled": true,
          "requires": {
            "function-bind": "^1.1.1",
            "has-bigints": "^1.0.1",
            "has-symbols": "^1.0.2",
            "which-boxed-primitive": "^1.0.2"
          }
        },
        "url": {
          "version": "0.11.0",
          "bundled": true,
          "requires": {
            "punycode": "1.3.2",
            "querystring": "0.2.0"
          },
          "dependencies": {
            "punycode": {
              "version": "1.3.2",
              "bundled": true
            }
          }
        },
        "util": {
          "version": "0.12.4",
          "bundled": true,
          "requires": {
            "inherits": "^2.0.3",
            "is-arguments": "^1.0.4",
            "is-generator-function": "^1.0.7",
            "is-typed-array": "^1.1.3",
            "safe-buffer": "^5.1.2",
            "which-typed-array": "^1.1.2"
          }
        },
        "util-deprecate": {
          "version": "1.0.2",
          "bundled": true
        },
        "vm-browserify": {
          "version": "1.1.2",
          "bundled": true
        },
        "which-boxed-primitive": {
          "version": "1.0.2",
          "bundled": true,
          "requires": {
            "is-bigint": "^1.0.1",
            "is-boolean-object": "^1.1.0",
            "is-number-object": "^1.0.4",
            "is-string": "^1.0.5",
            "is-symbol": "^1.0.3"
          }
        },
        "which-typed-array": {
          "version": "1.1.4",
          "bundled": true,
          "requires": {
            "available-typed-arrays": "^1.0.2",
            "call-bind": "^1.0.0",
            "es-abstract": "^1.18.0-next.1",
            "foreach": "^2.0.5",
            "function-bind": "^1.1.1",
            "has-symbols": "^1.0.1",
            "is-typed-array": "^1.1.3"
          }
        },
        "xtend": {
          "version": "4.0.2",
          "bundled": true
        }
      }
    },
    "minimatch": {
      "version": "3.1.2",
      "resolved": "https://registry.npmjs.org/minimatch/-/minimatch-3.1.2.tgz",
      "integrity": "sha512-J7p63hRiAjw1NDEww1W7i37+ByIrOWO5XQQAzZ3VOcL0PNybwpfmV/N05zFAzwQ9USyEcX6t3UO+K5aqBQOIHw==",
      "dev": true,
      "requires": {
        "brace-expansion": "^1.1.7"
      }
    },
    "nanoid": {
      "version": "3.3.7",
      "resolved": "https://registry.npmjs.org/nanoid/-/nanoid-3.3.7.tgz",
      "integrity": "sha512-eSRppjcPIatRIMC1U6UngP8XFcz8MQWGQdt1MTBQ7NaAmvXDfvNxbvWV3x2y6CdEUciCSsDHDQZbhYaB8QEo2g==",
      "dev": true
    },
    "node-releases": {
      "version": "2.0.14",
      "resolved": "https://registry.npmjs.org/node-releases/-/node-releases-2.0.14.tgz",
      "integrity": "sha512-y10wOWt8yZpqXmOgRo77WaHEmhYQYGNA6y421PKsKYWEK8aW+cqAphborZDhqfyKrbZEN92CN1X2KbafY2s7Yw==",
      "dev": true
    },
    "normalize-range": {
      "version": "0.1.2",
      "resolved": "https://registry.npmjs.org/normalize-range/-/normalize-range-0.1.2.tgz",
      "integrity": "sha512-bdok/XvKII3nUpklnV6P2hxtMNrCboOjAcyBuQnWEhO665FwrSNRxU+AqpsyvO6LgGYPspN+lu5CLtw4jPRKNA==",
      "dev": true
    },
    "object-assign": {
      "version": "4.1.1",
      "resolved": "https://registry.npmjs.org/object-assign/-/object-assign-4.1.1.tgz",
      "integrity": "sha512-rJgTQnkUnH1sFw8yT6VSU3zD3sWmu6sZhIseY8VX+GRu3P6F7Fu+JNDoXfklElbLJSnc3FUQHVe4cU5hj+BcUg==",
      "dev": true
    },
    "once": {
      "version": "1.4.0",
      "resolved": "https://registry.npmjs.org/once/-/once-1.4.0.tgz",
      "integrity": "sha512-lNaJgI+2Q5URQBkccEKHTQOPaXdUxnZZElQTZY0MFUAuaEqe1E+Nyvgdz/aIyNi6Z9MzO5dv1H8n58/GELp3+w==",
      "dev": true,
      "requires": {
        "wrappy": "1"
      }
    },
    "path-is-absolute": {
      "version": "1.0.1",
      "resolved": "https://registry.npmjs.org/path-is-absolute/-/path-is-absolute-1.0.1.tgz",
      "integrity": "sha512-AVbw3UJ2e9bq64vSaS9Am0fje1Pa8pbGqTTsmXfaIiMpnr5DlDhfJOuLj9Sf95ZPVDAUerDfEk88MPmPe7UCQg==",
      "dev": true
    },
    "path-parse": {
      "version": "1.0.7",
      "resolved": "https://registry.npmjs.org/path-parse/-/path-parse-1.0.7.tgz",
      "integrity": "sha512-LDJzPVEEEPR+y48z93A0Ed0yXb8pAByGWo/k5YYdYgpY2/2EsOsksJrq7lOHxryrVOn1ejG6oAp8ahvOIQD8sw==",
      "dev": true
    },
    "picocolors": {
      "version": "1.0.0",
      "resolved": "https://registry.npmjs.org/picocolors/-/picocolors-1.0.0.tgz",
      "integrity": "sha512-1fygroTLlHu66zi26VoTDv8yRgm0Fccecssto+MhsZ0D/DGW2sm8E8AjW7NU5VVTRt5GxbeZ5qBuJr+HyLYkjQ==",
      "dev": true
    },
    "pify": {
      "version": "3.0.0",
      "resolved": "https://registry.npmjs.org/pify/-/pify-3.0.0.tgz",
      "integrity": "sha512-C3FsVNH1udSEX48gGX1xfvwTWfsYWj5U+8/uK15BGzIGrKoUpghX8hWZwa/OFnakBiiVNmBvemTJR5mcy7iPcg==",
      "dev": true
    },
    "pinkie": {
      "version": "2.0.4",
      "resolved": "https://registry.npmjs.org/pinkie/-/pinkie-2.0.4.tgz",
      "integrity": "sha512-MnUuEycAemtSaeFSjXKW/aroV7akBbY+Sv+RkyqFjgAe73F+MR0TBWKBRDkmfWq/HiFmdavfZ1G7h4SPZXaCSg==",
      "dev": true
    },
    "pinkie-promise": {
      "version": "2.0.1",
      "resolved": "https://registry.npmjs.org/pinkie-promise/-/pinkie-promise-2.0.1.tgz",
      "integrity": "sha512-0Gni6D4UcLTbv9c57DfxDGdr41XfgUjqWZu492f0cIGr16zDU06BWP/RAEvOuo7CQ0CNjHaLlM59YJJFm3NWlw==",
      "dev": true,
      "requires": {
        "pinkie": "^2.0.0"
      }
    },
    "postcss": {
      "version": "8.4.32",
      "resolved": "https://registry.npmjs.org/postcss/-/postcss-8.4.32.tgz",
      "integrity": "sha512-D/kj5JNu6oo2EIy+XL/26JEDTlIbB8hw85G8StOE6L74RQAVVP5rej6wxCNqyMbR4RkPfqvezVbPw81Ngd6Kcw==",
      "dev": true,
      "requires": {
        "nanoid": "^3.3.7",
        "picocolors": "^1.0.0",
        "source-map-js": "^1.0.2"
      }
    },
    "postcss-easy-import": {
      "version": "4.0.0",
      "resolved": "https://registry.npmjs.org/postcss-easy-import/-/postcss-easy-import-4.0.0.tgz",
      "integrity": "sha512-Nq5/zsnyMyzz1D7Y7TC1hawNLWQLlh4eJnsM9zlxtc8mAeY8edlvSO1UGs1hyQvNvzK3OJ1bgLjsuyTijyvBEQ==",
      "dev": true,
      "requires": {
        "globby": "^6.1.0",
        "is-glob": "^4.0.0",
        "lodash": "^4.17.4",
        "object-assign": "^4.0.1",
        "pify": "^3.0.0",
        "postcss-import": "^14.0.0",
        "resolve": "^1.1.7"
      }
    },
    "postcss-import": {
      "version": "14.1.0",
      "resolved": "https://registry.npmjs.org/postcss-import/-/postcss-import-14.1.0.tgz",
      "integrity": "sha512-flwI+Vgm4SElObFVPpTIT7SU7R3qk2L7PyduMcokiaVKuWv9d/U+Gm/QAd8NDLuykTWTkcrjOeD2Pp1rMeBTGw==",
      "dev": true,
      "requires": {
        "postcss-value-parser": "^4.0.0",
        "read-cache": "^1.0.0",
        "resolve": "^1.1.7"
      }
    },
    "postcss-load-config": {
      "version": "5.0.0",
      "resolved": "https://registry.npmjs.org/postcss-load-config/-/postcss-load-config-5.0.0.tgz",
      "integrity": "sha512-i069VOAUi6mpTsToA+qPAAfD7m7dfjm9Yhaqma7KEMJcQFM9jerKBU6rTGNcYLErj4sjR9fZ1q30TpFm2K7PSg==",
      "dev": true,
      "requires": {
        "lilconfig": "^3.0.0",
        "yaml": "^2.3.4"
      }
    },
    "postcss-nested": {
      "version": "6.0.1",
      "resolved": "https://registry.npmjs.org/postcss-nested/-/postcss-nested-6.0.1.tgz",
      "integrity": "sha512-mEp4xPMi5bSWiMbsgoPfcP74lsWLHkQbZc3sY+jWYd65CUwXrUaTp0fmNpa01ZcETKlIgUdFN/MpS2xZtqL9dQ==",
      "dev": true,
      "requires": {
        "postcss-selector-parser": "^6.0.11"
      }
    },
    "postcss-sassy-mixins": {
      "version": "2.1.0",
      "resolved": "https://registry.npmjs.org/postcss-sassy-mixins/-/postcss-sassy-mixins-2.1.0.tgz",
      "integrity": "sha512-LEvD41WoJgzFr+47u7ayx286d0v1xdtf+Mm5vQcVCraniZ7IDiWtLrANJHwaQQS8BcGlHUH118Lm1bHA0g7+UQ==",
      "dev": true,
      "requires": {
        "glob": "^6.0.4",
        "postcss": "^5.0.14",
        "postcss-simple-vars": "^1.2.0"
      },
      "dependencies": {
        "glob": {
          "version": "6.0.4",
          "resolved": "https://registry.npmjs.org/glob/-/glob-6.0.4.tgz",
          "integrity": "sha512-MKZeRNyYZAVVVG1oZeLaWie1uweH40m9AZwIwxyPbTSX4hHrVYSzLg0Ro5Z5R7XKkIX+Cc6oD1rqeDJnwsB8/A==",
          "dev": true,
          "requires": {
            "inflight": "^1.0.4",
            "inherits": "2",
            "minimatch": "2 || 3",
            "once": "^1.3.0",
            "path-is-absolute": "^1.0.0"
          }
        },
        "postcss": {
          "version": "5.2.18",
          "resolved": "https://registry.npmjs.org/postcss/-/postcss-5.2.18.tgz",
          "integrity": "sha512-zrUjRRe1bpXKsX1qAJNJjqZViErVuyEkMTRrwu4ud4sbTtIBRmtaYDrHmcGgmrbsW3MHfmtIf+vJumgQn+PrXg==",
          "dev": true,
          "requires": {
            "chalk": "^1.1.3",
            "js-base64": "^2.1.9",
            "source-map": "^0.5.6",
            "supports-color": "^3.2.3"
          }
        },
        "postcss-simple-vars": {
          "version": "1.2.0",
          "resolved": "https://registry.npmjs.org/postcss-simple-vars/-/postcss-simple-vars-1.2.0.tgz",
          "integrity": "sha512-XcitqkjSN90FZDM9sHTMlX6c+fF0aUzpfqUzk9ksXAWQrWFIwsQp7337QMkiOQOm1sm7IUX1T2F9290Ybdkziw==",
          "dev": true,
          "requires": {
            "postcss": "^5.0.13"
          }
        }
      }
    },
    "postcss-scss": {
      "version": "4.0.9",
      "resolved": "https://registry.npmjs.org/postcss-scss/-/postcss-scss-4.0.9.tgz",
      "integrity": "sha512-AjKOeiwAitL/MXxQW2DliT28EKukvvbEWx3LBmJIRN8KfBGZbRTxNYW0kSqi1COiTZ57nZ9NW06S6ux//N1c9A==",
      "dev": true
    },
    "postcss-selector-parser": {
      "version": "6.0.13",
      "resolved": "https://registry.npmjs.org/postcss-selector-parser/-/postcss-selector-parser-6.0.13.tgz",
      "integrity": "sha512-EaV1Gl4mUEV4ddhDnv/xtj7sxwrwxdetHdWUGnT4VJQf+4d05v6lHYZr8N573k5Z0BViss7BDhfWtKS3+sfAqQ==",
      "dev": true,
      "requires": {
        "cssesc": "^3.0.0",
        "util-deprecate": "^1.0.2"
      }
    },
    "postcss-simple-vars": {
      "version": "7.0.1",
      "resolved": "https://registry.npmjs.org/postcss-simple-vars/-/postcss-simple-vars-7.0.1.tgz",
      "integrity": "sha512-5GLLXaS8qmzHMOjVxqkk1TZPf1jMqesiI7qLhnlyERalG0sMbHIbJqrcnrpmZdKCLglHnRHoEBB61RtGTsj++A==",
      "dev": true
    },
    "postcss-value-parser": {
      "version": "4.2.0",
      "resolved": "https://registry.npmjs.org/postcss-value-parser/-/postcss-value-parser-4.2.0.tgz",
      "integrity": "sha512-1NNCs6uurfkVbeXG4S8JFT9t19m45ICnif8zWLd5oPSZ50QnwMfK+H3jv408d4jw/7Bttv5axS5IiHoLaVNHeQ==",
      "dev": true
    },
    "read-cache": {
      "version": "1.0.0",
      "resolved": "https://registry.npmjs.org/read-cache/-/read-cache-1.0.0.tgz",
      "integrity": "sha512-Owdv/Ft7IjOgm/i0xvNDZ1LrRANRfew4b2prF3OWMQLxLfu3bS8FVhCsrSCMK4lR56Y9ya+AThoTpDCTxCmpRA==",
      "dev": true,
      "requires": {
        "pify": "^2.3.0"
      },
      "dependencies": {
        "pify": {
          "version": "2.3.0",
          "resolved": "https://registry.npmjs.org/pify/-/pify-2.3.0.tgz",
          "integrity": "sha512-udgsAY+fTnvv7kI7aaxbqwWNb0AHiB0qBO89PZKPkoTmGOgdbrHDKD+0B2X4uTfJ/FT1R09r9gTsjUjNJotuog==",
          "dev": true
        }
      }
    },
    "regenerator-runtime": {
      "version": "0.14.0",
      "resolved": "https://registry.npmjs.org/regenerator-runtime/-/regenerator-runtime-0.14.0.tgz",
      "integrity": "sha512-srw17NI0TUWHuGa5CFGGmhfNIeja30WMBfbslPNhf6JrqQlLN5gcrvig1oqPxiVaXb0oW0XRKtH6Nngs5lKCIA=="
    },
    "resolve": {
      "version": "1.22.8",
      "resolved": "https://registry.npmjs.org/resolve/-/resolve-1.22.8.tgz",
      "integrity": "sha512-oKWePCxqpd6FlLvGV1VU0x7bkPmmCNolxzjMf4NczoDnQcIWrAF+cPtZn5i6n+RfD2d9i0tzpKnG6Yk168yIyw==",
      "dev": true,
      "requires": {
        "is-core-module": "^2.13.0",
        "path-parse": "^1.0.7",
        "supports-preserve-symlinks-flag": "^1.0.0"
      }
    },
    "source-map": {
      "version": "0.5.7",
      "resolved": "https://registry.npmjs.org/source-map/-/source-map-0.5.7.tgz",
      "integrity": "sha512-LbrmJOMUSdEVxIKvdcJzQC+nQhe8FUZQTXQy6+I75skNgn3OoQ0DZA8YnFa7gp8tqtL3KPf1kmo0R5DoApeSGQ==",
      "dev": true
    },
    "source-map-js": {
      "version": "1.0.2",
      "resolved": "https://registry.npmjs.org/source-map-js/-/source-map-js-1.0.2.tgz",
      "integrity": "sha512-R0XvVJ9WusLiqTCEiGCmICCMplcCkIwwR11mOSD9CR5u+IXYdiseeEuXCVAjS54zqwkLcPNnmU4OeJ6tUrWhDw==",
      "dev": true
    },
    "strip-ansi": {
      "version": "3.0.1",
      "resolved": "https://registry.npmjs.org/strip-ansi/-/strip-ansi-3.0.1.tgz",
      "integrity": "sha512-VhumSSbBqDTP8p2ZLKj40UjBCV4+v8bUSEpUb4KjRgWk9pbqGF4REFj6KEagidb2f/M6AzC0EmFyDNGaw9OCzg==",
      "dev": true,
      "requires": {
        "ansi-regex": "^2.0.0"
      }
    },
    "supports-color": {
      "version": "3.2.3",
      "resolved": "https://registry.npmjs.org/supports-color/-/supports-color-3.2.3.tgz",
      "integrity": "sha512-Jds2VIYDrlp5ui7t8abHN2bjAu4LV/q4N2KivFPpGH0lrka0BMq/33AmECUXlKPcHigkNaqfXRENFju+rlcy+A==",
      "dev": true,
      "requires": {
        "has-flag": "^1.0.0"
      }
    },
    "supports-preserve-symlinks-flag": {
      "version": "1.0.0",
      "resolved": "https://registry.npmjs.org/supports-preserve-symlinks-flag/-/supports-preserve-symlinks-flag-1.0.0.tgz",
      "integrity": "sha512-ot0WnXS9fgdkgIcePe6RHNk1WA8+muPa6cSjeR3V8K27q9BB1rTE3R1p7Hv0z1ZyAc8s6Vvv8DIyWf681MAt0w==",
      "dev": true
    },
    "update-browserslist-db": {
      "version": "1.0.13",
      "resolved": "https://registry.npmjs.org/update-browserslist-db/-/update-browserslist-db-1.0.13.tgz",
      "integrity": "sha512-xebP81SNcPuNpPP3uzeW1NYXxI3rxyJzF3pD6sH4jE7o/IX+WtSpwnVU+qIsDPyk0d3hmFQ7mjqc6AtV604hbg==",
      "dev": true,
      "requires": {
        "escalade": "^3.1.1",
        "picocolors": "^1.0.0"
      }
    },
    "util-deprecate": {
      "version": "1.0.2",
      "resolved": "https://registry.npmjs.org/util-deprecate/-/util-deprecate-1.0.2.tgz",
      "integrity": "sha512-EPD5q1uXyFxJpCrLnCc1nHnq3gOa6DZBocAIiI2TaSCA7VCJ1UJDMagCzIkXNsUYfD1daK//LTEQ8xiIbrHtcw==",
      "dev": true
    },
    "wrappy": {
      "version": "1.0.2",
      "resolved": "https://registry.npmjs.org/wrappy/-/wrappy-1.0.2.tgz",
      "integrity": "sha512-l4Sp/DRseor9wL6EvV2+TuQn63dMkPjZ/sp9XkghTEbV9KlPS1xUsZ3u7/IQO4wxtcFB4bgpQPRcR3QCvezPcQ==",
      "dev": true
    },
    "yaml": {
      "version": "2.3.4",
      "resolved": "https://registry.npmjs.org/yaml/-/yaml-2.3.4.tgz",
      "integrity": "sha512-8aAvwVUSHpfEqTQ4w/KMlf3HcRdt50E5ODIQJBw1fQ5RL34xabzxtUlzTXVqc4rkZsPbvrXKWnABCD7kWSmocA==",
      "dev": true
    }
  }
}
